// !$*UTF8*$!
{
	archiveVersion = 1;
	classes = {
	};
	objectVersion = 46;
	objects = {

/* Begin PBXBuildFile section */
		952588BB1B9742E400F68B3F /* NewsfeedViewController.swift in Sources */ = {isa = PBXBuildFile; fileRef = 952588BA1B9742E400F68B3F /* NewsfeedViewController.swift */; };
		952588BD1B974BDF00F68B3F /* QuestionSoloViewController.swift in Sources */ = {isa = PBXBuildFile; fileRef = 952588BC1B974BDF00F68B3F /* QuestionSoloViewController.swift */; };
		953686E71BB0179100CD6615 /* QuestionManager.swift in Sources */ = {isa = PBXBuildFile; fileRef = 953686E61BB0179100CD6615 /* QuestionManager.swift */; };
		954441E41B9CB49F0035B7ED /* ScoreSoloViewController.swift in Sources */ = {isa = PBXBuildFile; fileRef = 954441E31B9CB49F0035B7ED /* ScoreSoloViewController.swift */; };
		9555BBC91BA836EF00BED5A2 /* StatsViewController.swift in Sources */ = {isa = PBXBuildFile; fileRef = 9555BBC81BA836EF00BED5A2 /* StatsViewController.swift */; };
		9555BBCB1BA836FB00BED5A2 /* FeedbackViewController.swift in Sources */ = {isa = PBXBuildFile; fileRef = 9555BBCA1BA836FB00BED5A2 /* FeedbackViewController.swift */; };
		9555BBCD1BA8371600BED5A2 /* LeaderboardTableViewController.swift in Sources */ = {isa = PBXBuildFile; fileRef = 9555BBCC1BA8371600BED5A2 /* LeaderboardTableViewController.swift */; };
		9555BBCF1BA8372500BED5A2 /* MarkedQuestionsTableViewController.swift in Sources */ = {isa = PBXBuildFile; fileRef = 9555BBCE1BA8372500BED5A2 /* MarkedQuestionsTableViewController.swift */; };
		95C5C48D1B9503F6001DA9B5 /* Answer.swift in Sources */ = {isa = PBXBuildFile; fileRef = 95C5C48C1B9503F6001DA9B5 /* Answer.swift */; };
		95D765011B9F34AD002C31CC /* FactoryHistory.swift in Sources */ = {isa = PBXBuildFile; fileRef = 95D765001B9F34AD002C31CC /* FactoryHistory.swift */; };
		95D765031B9F358E002C31CC /* Scoring.swift in Sources */ = {isa = PBXBuildFile; fileRef = 95D765021B9F358E002C31CC /* Scoring.swift */; };
		F60082D11B84F9C600F7BCBB /* UserPreferences.swift in Sources */ = {isa = PBXBuildFile; fileRef = F60082D01B84F9C600F7BCBB /* UserPreferences.swift */; };
		F60082D31B854F9E00F7BCBB /* ConfigManager.swift in Sources */ = {isa = PBXBuildFile; fileRef = F60082D21B854F9E00F7BCBB /* ConfigManager.swift */; };
		F604061E1B8E6150006F7F4E /* Colors.swift in Sources */ = {isa = PBXBuildFile; fileRef = F604061D1B8E6150006F7F4E /* Colors.swift */; };
		F605AF0E1B04146C00E90596 /* SoloViewController.swift in Sources */ = {isa = PBXBuildFile; fileRef = F605AF0D1B04146C00E90596 /* SoloViewController.swift */; };
		F60739E21BB216BE004DEC32 /* CommentViewController.swift in Sources */ = {isa = PBXBuildFile; fileRef = F60739E11BB216BE004DEC32 /* CommentViewController.swift */; };
		F60739E41BB216CB004DEC32 /* PreviewQuestionViewController.swift in Sources */ = {isa = PBXBuildFile; fileRef = F60739E31BB216CB004DEC32 /* PreviewQuestionViewController.swift */; };
		F60739E91BB348AB004DEC32 /* Friend.swift in Sources */ = {isa = PBXBuildFile; fileRef = F60739E81BB348AB004DEC32 /* Friend.swift */; };
		F60ED4811BEFA04F00825A0E /* News.swift in Sources */ = {isa = PBXBuildFile; fileRef = F60ED4801BEFA04F00825A0E /* News.swift */; };
		F60ED4851BEFA1E800825A0E /* NewsfeedManager.swift in Sources */ = {isa = PBXBuildFile; fileRef = F60ED4841BEFA1E800825A0E /* NewsfeedManager.swift */; };
		F60ED4871BEFC86600825A0E /* NewsViewController.swift in Sources */ = {isa = PBXBuildFile; fileRef = F60ED4861BEFC86600825A0E /* NewsViewController.swift */; };
		F61A1CDB1B003F7500777584 /* SWRevealViewController.m in Sources */ = {isa = PBXBuildFile; fileRef = F61A1CDA1B003F7500777584 /* SWRevealViewController.m */; };
		F61A1CDF1B0041CD00777584 /* MenuController.swift in Sources */ = {isa = PBXBuildFile; fileRef = F61A1CDE1B0041CD00777584 /* MenuController.swift */; };
		F62C29FE1BE6B37F00DF5EF0 /* Charts.framework in Frameworks */ = {isa = PBXBuildFile; fileRef = F62C29F91BE6B36400DF5EF0 /* Charts.framework */; };
		F62C29FF1BE6B37F00DF5EF0 /* Charts.framework in Embed Frameworks */ = {isa = PBXBuildFile; fileRef = F62C29F91BE6B36400DF5EF0 /* Charts.framework */; settings = {ATTRIBUTES = (CodeSignOnCopy, RemoveHeadersOnCopy, ); }; };
		F62C2A061BE6C3B400DF5EF0 /* SwiftSpinner.swift in Sources */ = {isa = PBXBuildFile; fileRef = F62C2A051BE6C3B400DF5EF0 /* SwiftSpinner.swift */; };
		F62D408F1AF442E60051DE83 /* segoe.ttf in Resources */ = {isa = PBXBuildFile; fileRef = F62D408E1AF442E00051DE83 /* segoe.ttf */; };
		F6322A161B6157F60074549E /* ChaptersTableViewController.swift in Sources */ = {isa = PBXBuildFile; fileRef = F6322A151B6157F60074549E /* ChaptersTableViewController.swift */; };
		F6322A181B6158230074549E /* QuestionViewController.swift in Sources */ = {isa = PBXBuildFile; fileRef = F6322A171B6158230074549E /* QuestionViewController.swift */; };
		F6322A1A1B6158300074549E /* CorrectionViewController.swift in Sources */ = {isa = PBXBuildFile; fileRef = F6322A191B6158300074549E /* CorrectionViewController.swift */; };
		F6322A1C1B615DFA0074549E /* Question.swift in Sources */ = {isa = PBXBuildFile; fileRef = F6322A1B1B615DFA0074549E /* Question.swift */; };
		F6322A1F1B615E360074549E /* Chapter.swift in Sources */ = {isa = PBXBuildFile; fileRef = F6322A1E1B615E360074549E /* Chapter.swift */; };
		F6322A211B615E3E0074549E /* Image.swift in Sources */ = {isa = PBXBuildFile; fileRef = F6322A201B615E3E0074549E /* Image.swift */; };
		F6322A231B615E460074549E /* Subject.swift in Sources */ = {isa = PBXBuildFile; fileRef = F6322A221B615E460074549E /* Subject.swift */; };
		F63B5AE91B77C116002C0A79 /* Sound.swift in Sources */ = {isa = PBXBuildFile; fileRef = F63B5AE81B77C116002C0A79 /* Sound.swift */; };
		F63B5AEC1B77D390002C0A79 /* sounds in Resources */ = {isa = PBXBuildFile; fileRef = F63B5AEB1B77D390002C0A79 /* sounds */; };
		F64630A11B5E662F006A5F71 /* ChapterManager.swift in Sources */ = {isa = PBXBuildFile; fileRef = F64630A01B5E662F006A5F71 /* ChapterManager.swift */; };
		F64630A31B5E663C006A5F71 /* SubjectManager.swift in Sources */ = {isa = PBXBuildFile; fileRef = F64630A21B5E663C006A5F71 /* SubjectManager.swift */; };
		F64630A51B5E6959006A5F71 /* FactorySync.swift in Sources */ = {isa = PBXBuildFile; fileRef = F64630A41B5E6959006A5F71 /* FactorySync.swift */; };
		F64630A71B5FD451006A5F71 /* LocalAuthentication.framework in Frameworks */ = {isa = PBXBuildFile; fileRef = F64630A61B5FD451006A5F71 /* LocalAuthentication.framework */; };
		F652F5B61C00D90F00485F74 /* timer.ttf in Resources */ = {isa = PBXBuildFile; fileRef = F652F5B51C00D90F00485F74 /* timer.ttf */; };
		F663E3181B7A620800F23294 /* QuestionHistory.swift in Sources */ = {isa = PBXBuildFile; fileRef = F663E3171B7A620800F23294 /* QuestionHistory.swift */; };
		F663E31C1B7A6BD000F23294 /* History.swift in Sources */ = {isa = PBXBuildFile; fileRef = F663E31B1B7A6BD000F23294 /* History.swift */; };
		F66771811B61A31900042145 /* FactoryRealm.swift in Sources */ = {isa = PBXBuildFile; fileRef = F66771801B61A31900042145 /* FactoryRealm.swift */; };
		F667EC501BE5371100F98DA5 /* HelpViewController.swift in Sources */ = {isa = PBXBuildFile; fileRef = F667EC4F1BE5371100F98DA5 /* HelpViewController.swift */; };
		F67B17DF1C5C5271009B1D5F /* Images.xcassets in Resources */ = {isa = PBXBuildFile; fileRef = F67B17DE1C5C5271009B1D5F /* Images.xcassets */; };
		F68202C11BFFFD4F00B1799D /* ColorCollectionViewController.swift in Sources */ = {isa = PBXBuildFile; fileRef = F68202C01BFFFD4F00B1799D /* ColorCollectionViewController.swift */; };
		F68320DA1B03C6F1006B974E /* TrainingViewController.swift in Sources */ = {isa = PBXBuildFile; fileRef = F68320D91B03C6F1006B974E /* TrainingViewController.swift */; };
		F6987A6D1B16321B002989C6 /* ImageManager.swift in Sources */ = {isa = PBXBuildFile; fileRef = F6987A6C1B16321B002989C6 /* ImageManager.swift */; };
		F6AAE6D61AF433E100195E11 /* AppDelegate.swift in Sources */ = {isa = PBXBuildFile; fileRef = F6AAE6D51AF433E100195E11 /* AppDelegate.swift */; };
		F6AAE6DD1AF433E100195E11 /* Main.storyboard in Resources */ = {isa = PBXBuildFile; fileRef = F6AAE6DB1AF433E100195E11 /* Main.storyboard */; };
		F6AAE6E21AF433E100195E11 /* LaunchScreen.xib in Resources */ = {isa = PBXBuildFile; fileRef = F6AAE6E01AF433E100195E11 /* LaunchScreen.xib */; };
		F6AAE6EE1AF433E100195E11 /* PrepAppTests.swift in Sources */ = {isa = PBXBuildFile; fileRef = F6AAE6ED1AF433E100195E11 /* PrepAppTests.swift */; };
		F6AC7B4D1B788D090096243D /* ChoiceQuestionViewControllerDelegate.swift in Sources */ = {isa = PBXBuildFile; fileRef = F6AC7B4C1B788D090096243D /* ChoiceQuestionViewControllerDelegate.swift */; };
		F6C02C421B760B960021ABE1 /* ChoiceQuestionViewController.swift in Sources */ = {isa = PBXBuildFile; fileRef = F6C02C411B760B960021ABE1 /* ChoiceQuestionViewController.swift */; };
		F6C02C461B762A810021ABE1 /* UITableViewCellAnswer.swift in Sources */ = {isa = PBXBuildFile; fileRef = F6C02C451B762A810021ABE1 /* UITableViewCellAnswer.swift */; };
		F6C3095C1B0365B100B8FAC9 /* HomeViewController.swift in Sources */ = {isa = PBXBuildFile; fileRef = F6C309581B0365B100B8FAC9 /* HomeViewController.swift */; };
		F6CB05D01BBC927200289CEA /* SettingsTableViewController.swift in Sources */ = {isa = PBXBuildFile; fileRef = F6CB05CF1BBC927200289CEA /* SettingsTableViewController.swift */; };
		F6CB05D21BBC951700289CEA /* UITableViewCellSetting.swift in Sources */ = {isa = PBXBuildFile; fileRef = F6CB05D11BBC951700289CEA /* UITableViewCellSetting.swift */; };
		F6ECC1101AF6DFE8008F18E3 /* SyncViewController.swift in Sources */ = {isa = PBXBuildFile; fileRef = F6ECC10F1AF6DFE8008F18E3 /* SyncViewController.swift */; };
		F6FBFAB81AFA1F5E0020B074 /* User.swift in Sources */ = {isa = PBXBuildFile; fileRef = F6FBFAB71AFA1F5E0020B074 /* User.swift */; };
		F6FBFABF1AFA33CD0020B074 /* LoginViewController.swift in Sources */ = {isa = PBXBuildFile; fileRef = F6FBFABE1AFA33CD0020B074 /* LoginViewController.swift */; };
		F6FBFAC31AFA98D40020B074 /* Extensions.swift in Sources */ = {isa = PBXBuildFile; fileRef = F6FBFAC21AFA98D40020B074 /* Extensions.swift */; };
		F6FD5D201BE029F1004A3DB7 /* Realm.framework in Frameworks */ = {isa = PBXBuildFile; fileRef = F6FD5D1F1BE029F1004A3DB7 /* Realm.framework */; };
		F6FD5D211BE029F1004A3DB7 /* Realm.framework in Embed Frameworks */ = {isa = PBXBuildFile; fileRef = F6FD5D1F1BE029F1004A3DB7 /* Realm.framework */; settings = {ATTRIBUTES = (CodeSignOnCopy, RemoveHeadersOnCopy, ); }; };
		F6FD5D231BE029F6004A3DB7 /* RealmSwift.framework in Frameworks */ = {isa = PBXBuildFile; fileRef = F6FD5D221BE029F6004A3DB7 /* RealmSwift.framework */; };
		F6FD5D241BE029F6004A3DB7 /* RealmSwift.framework in Embed Frameworks */ = {isa = PBXBuildFile; fileRef = F6FD5D221BE029F6004A3DB7 /* RealmSwift.framework */; settings = {ATTRIBUTES = (CodeSignOnCopy, RemoveHeadersOnCopy, ); }; };
/* End PBXBuildFile section */

/* Begin PBXContainerItemProxy section */
		F62C29F81BE6B36400DF5EF0 /* PBXContainerItemProxy */ = {
			isa = PBXContainerItemProxy;
			containerPortal = F62C29F21BE6B36400DF5EF0 /* Charts.xcodeproj */;
			proxyType = 2;
			remoteGlobalIDString = 5BA8EC401A9D14DC00CE82E1;
			remoteInfo = "Charts-iOS";
		};
		F62C29FA1BE6B36400DF5EF0 /* PBXContainerItemProxy */ = {
			isa = PBXContainerItemProxy;
			containerPortal = F62C29F21BE6B36400DF5EF0 /* Charts.xcodeproj */;
			proxyType = 2;
			remoteGlobalIDString = A52C5C371BAC5CA400594CDD;
			remoteInfo = "Charts-TV";
		};
		F62C29FC1BE6B36400DF5EF0 /* PBXContainerItemProxy */ = {
			isa = PBXContainerItemProxy;
			containerPortal = F62C29F21BE6B36400DF5EF0 /* Charts.xcodeproj */;
			proxyType = 2;
			remoteGlobalIDString = 06AEE7A21BDC3F8B009875AE;
			remoteInfo = ChartsTests;
		};
		F62C2A001BE6B37F00DF5EF0 /* PBXContainerItemProxy */ = {
			isa = PBXContainerItemProxy;
			containerPortal = F62C29F21BE6B36400DF5EF0 /* Charts.xcodeproj */;
			proxyType = 1;
			remoteGlobalIDString = 5BA8EC3F1A9D14DC00CE82E1;
			remoteInfo = "Charts-iOS";
		};
		F6AAE6E81AF433E100195E11 /* PBXContainerItemProxy */ = {
			isa = PBXContainerItemProxy;
			containerPortal = F6AAE6C81AF433E100195E11 /* Project object */;
			proxyType = 1;
			remoteGlobalIDString = F6AAE6CF1AF433E100195E11;
			remoteInfo = PrepApp;
		};
/* End PBXContainerItemProxy section */

/* Begin PBXCopyFilesBuildPhase section */
		F6A005261B1FC821004F0C65 /* Embed Frameworks */ = {
			isa = PBXCopyFilesBuildPhase;
			buildActionMask = 2147483647;
			dstPath = "";
			dstSubfolderSpec = 10;
			files = (
				F62C29FF1BE6B37F00DF5EF0 /* Charts.framework in Embed Frameworks */,
				F6FD5D211BE029F1004A3DB7 /* Realm.framework in Embed Frameworks */,
				F6FD5D241BE029F6004A3DB7 /* RealmSwift.framework in Embed Frameworks */,
			);
			name = "Embed Frameworks";
			runOnlyForDeploymentPostprocessing = 0;
		};
/* End PBXCopyFilesBuildPhase section */

/* Begin PBXFileReference section */
		952588BA1B9742E400F68B3F /* NewsfeedViewController.swift */ = {isa = PBXFileReference; fileEncoding = 4; lastKnownFileType = sourcecode.swift; path = NewsfeedViewController.swift; sourceTree = "<group>"; };
		952588BC1B974BDF00F68B3F /* QuestionSoloViewController.swift */ = {isa = PBXFileReference; fileEncoding = 4; lastKnownFileType = sourcecode.swift; path = QuestionSoloViewController.swift; sourceTree = "<group>"; };
		953686E61BB0179100CD6615 /* QuestionManager.swift */ = {isa = PBXFileReference; fileEncoding = 4; lastKnownFileType = sourcecode.swift; path = QuestionManager.swift; sourceTree = "<group>"; };
		954441E31B9CB49F0035B7ED /* ScoreSoloViewController.swift */ = {isa = PBXFileReference; fileEncoding = 4; lastKnownFileType = sourcecode.swift; path = ScoreSoloViewController.swift; sourceTree = "<group>"; };
		9555BBC81BA836EF00BED5A2 /* StatsViewController.swift */ = {isa = PBXFileReference; fileEncoding = 4; lastKnownFileType = sourcecode.swift; lineEnding = 0; path = StatsViewController.swift; sourceTree = "<group>"; xcLanguageSpecificationIdentifier = xcode.lang.swift; };
		9555BBCA1BA836FB00BED5A2 /* FeedbackViewController.swift */ = {isa = PBXFileReference; fileEncoding = 4; lastKnownFileType = sourcecode.swift; lineEnding = 0; path = FeedbackViewController.swift; sourceTree = "<group>"; xcLanguageSpecificationIdentifier = xcode.lang.swift; };
		9555BBCC1BA8371600BED5A2 /* LeaderboardTableViewController.swift */ = {isa = PBXFileReference; fileEncoding = 4; lastKnownFileType = sourcecode.swift; lineEnding = 0; path = LeaderboardTableViewController.swift; sourceTree = "<group>"; xcLanguageSpecificationIdentifier = xcode.lang.swift; };
		9555BBCE1BA8372500BED5A2 /* MarkedQuestionsTableViewController.swift */ = {isa = PBXFileReference; fileEncoding = 4; lastKnownFileType = sourcecode.swift; lineEnding = 0; path = MarkedQuestionsTableViewController.swift; sourceTree = "<group>"; xcLanguageSpecificationIdentifier = xcode.lang.swift; };
		95C5C48C1B9503F6001DA9B5 /* Answer.swift */ = {isa = PBXFileReference; fileEncoding = 4; lastKnownFileType = sourcecode.swift; path = Answer.swift; sourceTree = "<group>"; };
		95D765001B9F34AD002C31CC /* FactoryHistory.swift */ = {isa = PBXFileReference; fileEncoding = 4; lastKnownFileType = sourcecode.swift; path = FactoryHistory.swift; sourceTree = "<group>"; };
		95D765021B9F358E002C31CC /* Scoring.swift */ = {isa = PBXFileReference; fileEncoding = 4; lastKnownFileType = sourcecode.swift; path = Scoring.swift; sourceTree = "<group>"; };
		F60082D01B84F9C600F7BCBB /* UserPreferences.swift */ = {isa = PBXFileReference; fileEncoding = 4; lastKnownFileType = sourcecode.swift; path = UserPreferences.swift; sourceTree = "<group>"; };
		F60082D21B854F9E00F7BCBB /* ConfigManager.swift */ = {isa = PBXFileReference; fileEncoding = 4; lastKnownFileType = sourcecode.swift; path = ConfigManager.swift; sourceTree = "<group>"; };
		F604061D1B8E6150006F7F4E /* Colors.swift */ = {isa = PBXFileReference; fileEncoding = 4; lastKnownFileType = sourcecode.swift; path = Colors.swift; sourceTree = "<group>"; };
		F605AF0D1B04146C00E90596 /* SoloViewController.swift */ = {isa = PBXFileReference; fileEncoding = 4; lastKnownFileType = sourcecode.swift; lineEnding = 0; path = SoloViewController.swift; sourceTree = "<group>"; xcLanguageSpecificationIdentifier = xcode.lang.swift; };
		F60739E11BB216BE004DEC32 /* CommentViewController.swift */ = {isa = PBXFileReference; fileEncoding = 4; lastKnownFileType = sourcecode.swift; lineEnding = 0; path = CommentViewController.swift; sourceTree = "<group>"; xcLanguageSpecificationIdentifier = xcode.lang.swift; };
		F60739E31BB216CB004DEC32 /* PreviewQuestionViewController.swift */ = {isa = PBXFileReference; fileEncoding = 4; lastKnownFileType = sourcecode.swift; path = PreviewQuestionViewController.swift; sourceTree = "<group>"; };
		F60739E81BB348AB004DEC32 /* Friend.swift */ = {isa = PBXFileReference; fileEncoding = 4; lastKnownFileType = sourcecode.swift; path = Friend.swift; sourceTree = "<group>"; };
		F60ED4801BEFA04F00825A0E /* News.swift */ = {isa = PBXFileReference; fileEncoding = 4; lastKnownFileType = sourcecode.swift; path = News.swift; sourceTree = "<group>"; };
		F60ED4841BEFA1E800825A0E /* NewsfeedManager.swift */ = {isa = PBXFileReference; fileEncoding = 4; lastKnownFileType = sourcecode.swift; path = NewsfeedManager.swift; sourceTree = "<group>"; };
		F60ED4861BEFC86600825A0E /* NewsViewController.swift */ = {isa = PBXFileReference; fileEncoding = 4; lastKnownFileType = sourcecode.swift; path = NewsViewController.swift; sourceTree = "<group>"; };
		F61A1CD91B003F7500777584 /* SWRevealViewController.h */ = {isa = PBXFileReference; fileEncoding = 4; lastKnownFileType = sourcecode.c.h; path = SWRevealViewController.h; sourceTree = "<group>"; };
		F61A1CDA1B003F7500777584 /* SWRevealViewController.m */ = {isa = PBXFileReference; fileEncoding = 4; lastKnownFileType = sourcecode.c.objc; path = SWRevealViewController.m; sourceTree = "<group>"; };
		F61A1CDE1B0041CD00777584 /* MenuController.swift */ = {isa = PBXFileReference; fileEncoding = 4; lastKnownFileType = sourcecode.swift; path = MenuController.swift; sourceTree = "<group>"; };
		F62C29F21BE6B36400DF5EF0 /* Charts.xcodeproj */ = {isa = PBXFileReference; lastKnownFileType = "wrapper.pb-project"; name = Charts.xcodeproj; path = "ios-charts-master/Charts/Charts.xcodeproj"; sourceTree = "<group>"; };
		F62C2A051BE6C3B400DF5EF0 /* SwiftSpinner.swift */ = {isa = PBXFileReference; fileEncoding = 4; lastKnownFileType = sourcecode.swift; path = SwiftSpinner.swift; sourceTree = "<group>"; };
		F62D408E1AF442E00051DE83 /* segoe.ttf */ = {isa = PBXFileReference; lastKnownFileType = file; name = segoe.ttf; path = fonts/segoe.ttf; sourceTree = "<group>"; };
		F6322A151B6157F60074549E /* ChaptersTableViewController.swift */ = {isa = PBXFileReference; fileEncoding = 4; lastKnownFileType = sourcecode.swift; lineEnding = 0; path = ChaptersTableViewController.swift; sourceTree = "<group>"; xcLanguageSpecificationIdentifier = xcode.lang.swift; };
		F6322A171B6158230074549E /* QuestionViewController.swift */ = {isa = PBXFileReference; fileEncoding = 4; lastKnownFileType = sourcecode.swift; lineEnding = 0; path = QuestionViewController.swift; sourceTree = "<group>"; xcLanguageSpecificationIdentifier = xcode.lang.swift; };
		F6322A191B6158300074549E /* CorrectionViewController.swift */ = {isa = PBXFileReference; fileEncoding = 4; lastKnownFileType = sourcecode.swift; lineEnding = 0; path = CorrectionViewController.swift; sourceTree = "<group>"; xcLanguageSpecificationIdentifier = xcode.lang.swift; };
		F6322A1B1B615DFA0074549E /* Question.swift */ = {isa = PBXFileReference; fileEncoding = 4; lastKnownFileType = sourcecode.swift; path = Question.swift; sourceTree = "<group>"; };
		F6322A1E1B615E360074549E /* Chapter.swift */ = {isa = PBXFileReference; fileEncoding = 4; lastKnownFileType = sourcecode.swift; path = Chapter.swift; sourceTree = "<group>"; };
		F6322A201B615E3E0074549E /* Image.swift */ = {isa = PBXFileReference; fileEncoding = 4; lastKnownFileType = sourcecode.swift; path = Image.swift; sourceTree = "<group>"; };
		F6322A221B615E460074549E /* Subject.swift */ = {isa = PBXFileReference; fileEncoding = 4; lastKnownFileType = sourcecode.swift; path = Subject.swift; sourceTree = "<group>"; };
		F632F6601BBBFFDA00B5EE27 /* fr */ = {isa = PBXFileReference; lastKnownFileType = file.xib; name = fr; path = fr.lproj/LaunchScreen.xib; sourceTree = "<group>"; };
		F63B5AE81B77C116002C0A79 /* Sound.swift */ = {isa = PBXFileReference; fileEncoding = 4; lastKnownFileType = sourcecode.swift; path = Sound.swift; sourceTree = "<group>"; };
		F63B5AEB1B77D390002C0A79 /* sounds */ = {isa = PBXFileReference; lastKnownFileType = folder; path = sounds; sourceTree = "<group>"; };
		F64630A01B5E662F006A5F71 /* ChapterManager.swift */ = {isa = PBXFileReference; fileEncoding = 4; lastKnownFileType = sourcecode.swift; path = ChapterManager.swift; sourceTree = "<group>"; };
		F64630A21B5E663C006A5F71 /* SubjectManager.swift */ = {isa = PBXFileReference; fileEncoding = 4; lastKnownFileType = sourcecode.swift; path = SubjectManager.swift; sourceTree = "<group>"; };
		F64630A41B5E6959006A5F71 /* FactorySync.swift */ = {isa = PBXFileReference; fileEncoding = 4; lastKnownFileType = sourcecode.swift; path = FactorySync.swift; sourceTree = "<group>"; };
		F64630A61B5FD451006A5F71 /* LocalAuthentication.framework */ = {isa = PBXFileReference; lastKnownFileType = wrapper.framework; name = LocalAuthentication.framework; path = System/Library/Frameworks/LocalAuthentication.framework; sourceTree = SDKROOT; };
		F652F5B51C00D90F00485F74 /* timer.ttf */ = {isa = PBXFileReference; lastKnownFileType = file; name = timer.ttf; path = fonts/timer.ttf; sourceTree = "<group>"; };
		F663E3171B7A620800F23294 /* QuestionHistory.swift */ = {isa = PBXFileReference; fileEncoding = 4; lastKnownFileType = sourcecode.swift; path = QuestionHistory.swift; sourceTree = "<group>"; };
		F663E31B1B7A6BD000F23294 /* History.swift */ = {isa = PBXFileReference; fileEncoding = 4; lastKnownFileType = sourcecode.swift; lineEnding = 0; path = History.swift; sourceTree = "<group>"; xcLanguageSpecificationIdentifier = xcode.lang.swift; };
		F66771801B61A31900042145 /* FactoryRealm.swift */ = {isa = PBXFileReference; fileEncoding = 4; lastKnownFileType = sourcecode.swift; path = FactoryRealm.swift; sourceTree = "<group>"; };
		F667EC4F1BE5371100F98DA5 /* HelpViewController.swift */ = {isa = PBXFileReference; fileEncoding = 4; lastKnownFileType = sourcecode.swift; path = HelpViewController.swift; sourceTree = "<group>"; };
		F67B17DE1C5C5271009B1D5F /* Images.xcassets */ = {isa = PBXFileReference; lastKnownFileType = folder.assetcatalog; path = Images.xcassets; sourceTree = "<group>"; };
		F68202C01BFFFD4F00B1799D /* ColorCollectionViewController.swift */ = {isa = PBXFileReference; fileEncoding = 4; lastKnownFileType = sourcecode.swift; path = ColorCollectionViewController.swift; sourceTree = "<group>"; };
		F68320D91B03C6F1006B974E /* TrainingViewController.swift */ = {isa = PBXFileReference; fileEncoding = 4; lastKnownFileType = sourcecode.swift; lineEnding = 0; path = TrainingViewController.swift; sourceTree = "<group>"; xcLanguageSpecificationIdentifier = xcode.lang.swift; };
		F6987A6C1B16321B002989C6 /* ImageManager.swift */ = {isa = PBXFileReference; fileEncoding = 4; lastKnownFileType = sourcecode.swift; path = ImageManager.swift; sourceTree = "<group>"; };
		F6AAE6D01AF433E100195E11 /* PrepApp.app */ = {isa = PBXFileReference; explicitFileType = wrapper.application; includeInIndex = 0; path = PrepApp.app; sourceTree = BUILT_PRODUCTS_DIR; };
		F6AAE6D41AF433E100195E11 /* Info.plist */ = {isa = PBXFileReference; lastKnownFileType = text.plist.xml; path = Info.plist; sourceTree = "<group>"; };
		F6AAE6D51AF433E100195E11 /* AppDelegate.swift */ = {isa = PBXFileReference; lastKnownFileType = sourcecode.swift; path = AppDelegate.swift; sourceTree = "<group>"; };
		F6AAE6DC1AF433E100195E11 /* Base */ = {isa = PBXFileReference; lastKnownFileType = file.storyboard; name = Base; path = Base.lproj/Main.storyboard; sourceTree = "<group>"; };
		F6AAE6E11AF433E100195E11 /* Base */ = {isa = PBXFileReference; lastKnownFileType = file.xib; name = Base; path = Base.lproj/LaunchScreen.xib; sourceTree = "<group>"; };
		F6AAE6E71AF433E100195E11 /* PrepAppTests.xctest */ = {isa = PBXFileReference; explicitFileType = wrapper.cfbundle; includeInIndex = 0; path = PrepAppTests.xctest; sourceTree = BUILT_PRODUCTS_DIR; };
		F6AAE6EC1AF433E100195E11 /* Info.plist */ = {isa = PBXFileReference; lastKnownFileType = text.plist.xml; path = Info.plist; sourceTree = "<group>"; };
		F6AAE6ED1AF433E100195E11 /* PrepAppTests.swift */ = {isa = PBXFileReference; lastKnownFileType = sourcecode.swift; path = PrepAppTests.swift; sourceTree = "<group>"; };
		F6AC7B4C1B788D090096243D /* ChoiceQuestionViewControllerDelegate.swift */ = {isa = PBXFileReference; fileEncoding = 4; lastKnownFileType = sourcecode.swift; path = ChoiceQuestionViewControllerDelegate.swift; sourceTree = "<group>"; };
		F6C02C411B760B960021ABE1 /* ChoiceQuestionViewController.swift */ = {isa = PBXFileReference; fileEncoding = 4; lastKnownFileType = sourcecode.swift; lineEnding = 0; path = ChoiceQuestionViewController.swift; sourceTree = "<group>"; xcLanguageSpecificationIdentifier = xcode.lang.swift; };
		F6C02C451B762A810021ABE1 /* UITableViewCellAnswer.swift */ = {isa = PBXFileReference; fileEncoding = 4; lastKnownFileType = sourcecode.swift; path = UITableViewCellAnswer.swift; sourceTree = "<group>"; };
		F6C309581B0365B100B8FAC9 /* HomeViewController.swift */ = {isa = PBXFileReference; fileEncoding = 4; lastKnownFileType = sourcecode.swift; lineEnding = 0; path = HomeViewController.swift; sourceTree = "<group>"; xcLanguageSpecificationIdentifier = xcode.lang.swift; };
		F6CB05CF1BBC927200289CEA /* SettingsTableViewController.swift */ = {isa = PBXFileReference; fileEncoding = 4; lastKnownFileType = sourcecode.swift; lineEnding = 0; path = SettingsTableViewController.swift; sourceTree = "<group>"; xcLanguageSpecificationIdentifier = xcode.lang.swift; };
		F6CB05D11BBC951700289CEA /* UITableViewCellSetting.swift */ = {isa = PBXFileReference; fileEncoding = 4; lastKnownFileType = sourcecode.swift; path = UITableViewCellSetting.swift; sourceTree = "<group>"; };
		F6ECC10F1AF6DFE8008F18E3 /* SyncViewController.swift */ = {isa = PBXFileReference; fileEncoding = 4; lastKnownFileType = sourcecode.swift; path = SyncViewController.swift; sourceTree = "<group>"; };
		F6FBB4B71B160CE300A18600 /* fr */ = {isa = PBXFileReference; lastKnownFileType = text.plist.strings; name = fr; path = fr.lproj/Main.strings; sourceTree = "<group>"; };
		F6FBFAB71AFA1F5E0020B074 /* User.swift */ = {isa = PBXFileReference; fileEncoding = 4; lastKnownFileType = sourcecode.swift; path = User.swift; sourceTree = "<group>"; };
		F6FBFABC1AFA29460020B074 /* PrepApp-Bridging-Header.h */ = {isa = PBXFileReference; lastKnownFileType = sourcecode.c.h; path = "PrepApp-Bridging-Header.h"; sourceTree = "<group>"; };
		F6FBFABE1AFA33CD0020B074 /* LoginViewController.swift */ = {isa = PBXFileReference; fileEncoding = 4; lastKnownFileType = sourcecode.swift; path = LoginViewController.swift; sourceTree = "<group>"; };
		F6FBFAC21AFA98D40020B074 /* Extensions.swift */ = {isa = PBXFileReference; fileEncoding = 4; lastKnownFileType = sourcecode.swift; path = Extensions.swift; sourceTree = "<group>"; };
		F6FD5D1F1BE029F1004A3DB7 /* Realm.framework */ = {isa = PBXFileReference; lastKnownFileType = wrapper.framework; path = Realm.framework; sourceTree = "<group>"; };
		F6FD5D221BE029F6004A3DB7 /* RealmSwift.framework */ = {isa = PBXFileReference; lastKnownFileType = wrapper.framework; path = RealmSwift.framework; sourceTree = "<group>"; };
/* End PBXFileReference section */

/* Begin PBXFrameworksBuildPhase section */
		F6AAE6CD1AF433E100195E11 /* Frameworks */ = {
			isa = PBXFrameworksBuildPhase;
			buildActionMask = 2147483647;
			files = (
				F6FD5D201BE029F1004A3DB7 /* Realm.framework in Frameworks */,
				F62C29FE1BE6B37F00DF5EF0 /* Charts.framework in Frameworks */,
				F64630A71B5FD451006A5F71 /* LocalAuthentication.framework in Frameworks */,
				F6FD5D231BE029F6004A3DB7 /* RealmSwift.framework in Frameworks */,
			);
			runOnlyForDeploymentPostprocessing = 0;
		};
		F6AAE6E41AF433E100195E11 /* Frameworks */ = {
			isa = PBXFrameworksBuildPhase;
			buildActionMask = 2147483647;
			files = (
			);
			runOnlyForDeploymentPostprocessing = 0;
		};
/* End PBXFrameworksBuildPhase section */

/* Begin PBXGroup section */
		F61A1CDC1B003F8100777584 /* SWRevealViewController */ = {
			isa = PBXGroup;
			children = (
				F61A1CD91B003F7500777584 /* SWRevealViewController.h */,
				F61A1CDA1B003F7500777584 /* SWRevealViewController.m */,
			);
			name = SWRevealViewController;
			sourceTree = "<group>";
		};
		F62C29F31BE6B36400DF5EF0 /* Products */ = {
			isa = PBXGroup;
			children = (
				F62C29F91BE6B36400DF5EF0 /* Charts.framework */,
				F62C29FB1BE6B36400DF5EF0 /* Charts.framework */,
				F62C29FD1BE6B36400DF5EF0 /* ChartsTests.xctest */,
			);
			name = Products;
			sourceTree = "<group>";
		};
		F62C2A021BE6C22D00DF5EF0 /* Common */ = {
			isa = PBXGroup;
			children = (
				F63B5AE81B77C116002C0A79 /* Sound.swift */,
				F604061D1B8E6150006F7F4E /* Colors.swift */,
				F6C02C451B762A810021ABE1 /* UITableViewCellAnswer.swift */,
				F6CB05D11BBC951700289CEA /* UITableViewCellSetting.swift */,
				F62C2A051BE6C3B400DF5EF0 /* SwiftSpinner.swift */,
			);
			name = Common;
			sourceTree = "<group>";
		};
		F62D40931AF443170051DE83 /* Fonts */ = {
			isa = PBXGroup;
			children = (
				F652F5B51C00D90F00485F74 /* timer.ttf */,
				F62D408E1AF442E00051DE83 /* segoe.ttf */,
			);
			name = Fonts;
			sourceTree = "<group>";
		};
		F6322A0E1B6157150074549E /* Start */ = {
			isa = PBXGroup;
			children = (
				F6AAE6D51AF433E100195E11 /* AppDelegate.swift */,
				F6FBFABE1AFA33CD0020B074 /* LoginViewController.swift */,
				F6ECC10F1AF6DFE8008F18E3 /* SyncViewController.swift */,
				F61A1CDE1B0041CD00777584 /* MenuController.swift */,
				F6C309581B0365B100B8FAC9 /* HomeViewController.swift */,
				952588BA1B9742E400F68B3F /* NewsfeedViewController.swift */,
				F60ED4861BEFC86600825A0E /* NewsViewController.swift */,
			);
			name = Start;
			sourceTree = "<group>";
		};
		F6322A0F1B61572C0074549E /* Views */ = {
			isa = PBXGroup;
			children = (
				F6AAE6E01AF433E100195E11 /* LaunchScreen.xib */,
				F6AAE6DB1AF433E100195E11 /* Main.storyboard */,
			);
			name = Views;
			sourceTree = "<group>";
		};
		F6322A101B61574F0074549E /* Profile */ = {
			isa = PBXGroup;
			children = (
				9555BBC81BA836EF00BED5A2 /* StatsViewController.swift */,
				F68202C01BFFFD4F00B1799D /* ColorCollectionViewController.swift */,
				9555BBCC1BA8371600BED5A2 /* LeaderboardTableViewController.swift */,
				9555BBCE1BA8372500BED5A2 /* MarkedQuestionsTableViewController.swift */,
				F60739E31BB216CB004DEC32 /* PreviewQuestionViewController.swift */,
				F60739E11BB216BE004DEC32 /* CommentViewController.swift */,
				9555BBCA1BA836FB00BED5A2 /* FeedbackViewController.swift */,
				F667EC4F1BE5371100F98DA5 /* HelpViewController.swift */,
				F6CB05CF1BBC927200289CEA /* SettingsTableViewController.swift */,
			);
			name = Profile;
			sourceTree = "<group>";
		};
		F6322A111B61577F0074549E /* Training */ = {
			isa = PBXGroup;
			children = (
				F6AC7B4C1B788D090096243D /* ChoiceQuestionViewControllerDelegate.swift */,
				F68320D91B03C6F1006B974E /* TrainingViewController.swift */,
				F6322A151B6157F60074549E /* ChaptersTableViewController.swift */,
				F6322A171B6158230074549E /* QuestionViewController.swift */,
				F6322A191B6158300074549E /* CorrectionViewController.swift */,
				F6C02C411B760B960021ABE1 /* ChoiceQuestionViewController.swift */,
			);
			name = Training;
			sourceTree = "<group>";
		};
		F6322A131B6157990074549E /* Solo */ = {
			isa = PBXGroup;
			children = (
				F605AF0D1B04146C00E90596 /* SoloViewController.swift */,
				952588BC1B974BDF00F68B3F /* QuestionSoloViewController.swift */,
				954441E31B9CB49F0035B7ED /* ScoreSoloViewController.swift */,
			);
			name = Solo;
			sourceTree = "<group>";
		};
		F6322A1D1B615DFF0074549E /* Realm Entities */ = {
			isa = PBXGroup;
			children = (
				F6322A221B615E460074549E /* Subject.swift */,
				F6322A1E1B615E360074549E /* Chapter.swift */,
				F6322A1B1B615DFA0074549E /* Question.swift */,
				F663E3171B7A620800F23294 /* QuestionHistory.swift */,
				95C5C48C1B9503F6001DA9B5 /* Answer.swift */,
				F6322A201B615E3E0074549E /* Image.swift */,
				F60ED4801BEFA04F00825A0E /* News.swift */,
				F60739E81BB348AB004DEC32 /* Friend.swift */,
				F66771801B61A31900042145 /* FactoryRealm.swift */,
			);
			name = "Realm Entities";
			sourceTree = "<group>";
		};
		F64630A81B5FD5C9006A5F71 /* Sync */ = {
			isa = PBXGroup;
			children = (
				F60ED4841BEFA1E800825A0E /* NewsfeedManager.swift */,
				F60082D21B854F9E00F7BCBB /* ConfigManager.swift */,
				F6987A6C1B16321B002989C6 /* ImageManager.swift */,
				953686E61BB0179100CD6615 /* QuestionManager.swift */,
				F64630A01B5E662F006A5F71 /* ChapterManager.swift */,
				F64630A21B5E663C006A5F71 /* SubjectManager.swift */,
				F64630A41B5E6959006A5F71 /* FactorySync.swift */,
			);
			name = Sync;
			sourceTree = "<group>";
		};
		F663E3191B7A6BA600F23294 /* Extensions */ = {
			isa = PBXGroup;
			children = (
				F6FBFAC21AFA98D40020B074 /* Extensions.swift */,
			);
			name = Extensions;
			sourceTree = "<group>";
		};
		F663E31A1B7A6BB800F23294 /* User History */ = {
			isa = PBXGroup;
			children = (
				F6FBFAB71AFA1F5E0020B074 /* User.swift */,
				F663E31B1B7A6BD000F23294 /* History.swift */,
				F60082D01B84F9C600F7BCBB /* UserPreferences.swift */,
				95D765021B9F358E002C31CC /* Scoring.swift */,
				95D765001B9F34AD002C31CC /* FactoryHistory.swift */,
			);
			name = "User History";
			sourceTree = "<group>";
		};
		F6AAE6C71AF433E100195E11 = {
			isa = PBXGroup;
			children = (
				F62C29F21BE6B36400DF5EF0 /* Charts.xcodeproj */,
				F6FD5D221BE029F6004A3DB7 /* RealmSwift.framework */,
				F6FD5D1F1BE029F1004A3DB7 /* Realm.framework */,
				F64630A61B5FD451006A5F71 /* LocalAuthentication.framework */,
				F6AAE6D21AF433E100195E11 /* PrepApp */,
				F6AAE6EA1AF433E100195E11 /* PrepAppTests */,
				F6AAE6D11AF433E100195E11 /* Products */,
			);
			sourceTree = "<group>";
		};
		F6AAE6D11AF433E100195E11 /* Products */ = {
			isa = PBXGroup;
			children = (
				F6AAE6D01AF433E100195E11 /* PrepApp.app */,
				F6AAE6E71AF433E100195E11 /* PrepAppTests.xctest */,
			);
			name = Products;
			sourceTree = "<group>";
		};
		F6AAE6D21AF433E100195E11 /* PrepApp */ = {
			isa = PBXGroup;
			children = (
				F67B17DE1C5C5271009B1D5F /* Images.xcassets */,
				F63B5AEB1B77D390002C0A79 /* sounds */,
				F6FBFABC1AFA29460020B074 /* PrepApp-Bridging-Header.h */,
				F61A1CDC1B003F8100777584 /* SWRevealViewController */,
				F6FBFAB91AFA1F6E0020B074 /* Models */,
				F6FBFAB61AFA1F490020B074 /* ViewControllers */,
				F6322A0F1B61572C0074549E /* Views */,
				F62D40931AF443170051DE83 /* Fonts */,
				F6AAE6D31AF433E100195E11 /* Supporting Files */,
			);
			path = PrepApp;
			sourceTree = "<group>";
		};
		F6AAE6D31AF433E100195E11 /* Supporting Files */ = {
			isa = PBXGroup;
			children = (
				F6AAE6D41AF433E100195E11 /* Info.plist */,
			);
			name = "Supporting Files";
			sourceTree = "<group>";
		};
		F6AAE6EA1AF433E100195E11 /* PrepAppTests */ = {
			isa = PBXGroup;
			children = (
				F6AAE6ED1AF433E100195E11 /* PrepAppTests.swift */,
				F6AAE6EB1AF433E100195E11 /* Supporting Files */,
			);
			path = PrepAppTests;
			sourceTree = "<group>";
		};
		F6AAE6EB1AF433E100195E11 /* Supporting Files */ = {
			isa = PBXGroup;
			children = (
				F6AAE6EC1AF433E100195E11 /* Info.plist */,
			);
			name = "Supporting Files";
			sourceTree = "<group>";
		};
		F6FBFAB61AFA1F490020B074 /* ViewControllers */ = {
			isa = PBXGroup;
			children = (
				F62C2A021BE6C22D00DF5EF0 /* Common */,
				F6322A0E1B6157150074549E /* Start */,
				F6322A111B61577F0074549E /* Training */,
				F6322A131B6157990074549E /* Solo */,
				F6322A101B61574F0074549E /* Profile */,
			);
			name = ViewControllers;
			sourceTree = "<group>";
		};
		F6FBFAB91AFA1F6E0020B074 /* Models */ = {
			isa = PBXGroup;
			children = (
				F6322A1D1B615DFF0074549E /* Realm Entities */,
				F64630A81B5FD5C9006A5F71 /* Sync */,
				F663E31A1B7A6BB800F23294 /* User History */,
				F663E3191B7A6BA600F23294 /* Extensions */,
			);
			name = Models;
			sourceTree = "<group>";
		};
/* End PBXGroup section */

/* Begin PBXNativeTarget section */
		F6AAE6CF1AF433E100195E11 /* PrepApp */ = {
			isa = PBXNativeTarget;
			buildConfigurationList = F6AAE6F11AF433E100195E11 /* Build configuration list for PBXNativeTarget "PrepApp" */;
			buildPhases = (
				F6AAE6CC1AF433E100195E11 /* Sources */,
				F6AAE6CD1AF433E100195E11 /* Frameworks */,
				F6AAE6CE1AF433E100195E11 /* Resources */,
				F67EA7131B185BFD00FA34C8 /* ShellScript */,
				F6A005261B1FC821004F0C65 /* Embed Frameworks */,
			);
			buildRules = (
			);
			dependencies = (
				F62C2A011BE6B37F00DF5EF0 /* PBXTargetDependency */,
			);
			name = PrepApp;
			productName = PrepApp;
			productReference = F6AAE6D01AF433E100195E11 /* PrepApp.app */;
			productType = "com.apple.product-type.application";
		};
		F6AAE6E61AF433E100195E11 /* PrepAppTests */ = {
			isa = PBXNativeTarget;
			buildConfigurationList = F6AAE6F41AF433E100195E11 /* Build configuration list for PBXNativeTarget "PrepAppTests" */;
			buildPhases = (
				F6AAE6E31AF433E100195E11 /* Sources */,
				F6AAE6E41AF433E100195E11 /* Frameworks */,
				F6AAE6E51AF433E100195E11 /* Resources */,
			);
			buildRules = (
			);
			dependencies = (
				F6AAE6E91AF433E100195E11 /* PBXTargetDependency */,
			);
			name = PrepAppTests;
			productName = PrepAppTests;
			productReference = F6AAE6E71AF433E100195E11 /* PrepAppTests.xctest */;
			productType = "com.apple.product-type.bundle.unit-test";
		};
/* End PBXNativeTarget section */

/* Begin PBXProject section */
		F6AAE6C81AF433E100195E11 /* Project object */ = {
			isa = PBXProject;
			attributes = {
				LastSwiftMigration = 0710;
				LastSwiftUpdateCheck = 0700;
				LastUpgradeCheck = 0710;
				ORGANIZATIONNAME = PrepApp;
				TargetAttributes = {
					F6AAE6CF1AF433E100195E11 = {
						CreatedOnToolsVersion = 6.3.1;
						DevelopmentTeam = 3WAQF3AS82;
					};
					F6AAE6E61AF433E100195E11 = {
						CreatedOnToolsVersion = 6.3.1;
						TestTargetID = F6AAE6CF1AF433E100195E11;
					};
				};
			};
			buildConfigurationList = F6AAE6CB1AF433E100195E11 /* Build configuration list for PBXProject "PrepApp" */;
			compatibilityVersion = "Xcode 3.2";
			developmentRegion = English;
			hasScannedForEncodings = 0;
			knownRegions = (
				Base,
			);
			mainGroup = F6AAE6C71AF433E100195E11;
			productRefGroup = F6AAE6D11AF433E100195E11 /* Products */;
			projectDirPath = "";
			projectReferences = (
				{
					ProductGroup = F62C29F31BE6B36400DF5EF0 /* Products */;
					ProjectRef = F62C29F21BE6B36400DF5EF0 /* Charts.xcodeproj */;
				},
			);
			projectRoot = "";
			targets = (
				F6AAE6CF1AF433E100195E11 /* PrepApp */,
				F6AAE6E61AF433E100195E11 /* PrepAppTests */,
			);
		};
/* End PBXProject section */

/* Begin PBXReferenceProxy section */
		F62C29F91BE6B36400DF5EF0 /* Charts.framework */ = {
			isa = PBXReferenceProxy;
			fileType = wrapper.framework;
			path = Charts.framework;
			remoteRef = F62C29F81BE6B36400DF5EF0 /* PBXContainerItemProxy */;
			sourceTree = BUILT_PRODUCTS_DIR;
		};
		F62C29FB1BE6B36400DF5EF0 /* Charts.framework */ = {
			isa = PBXReferenceProxy;
			fileType = wrapper.framework;
			path = Charts.framework;
			remoteRef = F62C29FA1BE6B36400DF5EF0 /* PBXContainerItemProxy */;
			sourceTree = BUILT_PRODUCTS_DIR;
		};
		F62C29FD1BE6B36400DF5EF0 /* ChartsTests.xctest */ = {
			isa = PBXReferenceProxy;
			fileType = wrapper.cfbundle;
			path = ChartsTests.xctest;
			remoteRef = F62C29FC1BE6B36400DF5EF0 /* PBXContainerItemProxy */;
			sourceTree = BUILT_PRODUCTS_DIR;
		};
/* End PBXReferenceProxy section */

/* Begin PBXResourcesBuildPhase section */
		F6AAE6CE1AF433E100195E11 /* Resources */ = {
			isa = PBXResourcesBuildPhase;
			buildActionMask = 2147483647;
			files = (
				F6AAE6DD1AF433E100195E11 /* Main.storyboard in Resources */,
				F652F5B61C00D90F00485F74 /* timer.ttf in Resources */,
				F62D408F1AF442E60051DE83 /* segoe.ttf in Resources */,
				F67B17DF1C5C5271009B1D5F /* Images.xcassets in Resources */,
				F63B5AEC1B77D390002C0A79 /* sounds in Resources */,
				F6AAE6E21AF433E100195E11 /* LaunchScreen.xib in Resources */,
			);
			runOnlyForDeploymentPostprocessing = 0;
		};
		F6AAE6E51AF433E100195E11 /* Resources */ = {
			isa = PBXResourcesBuildPhase;
			buildActionMask = 2147483647;
			files = (
			);
			runOnlyForDeploymentPostprocessing = 0;
		};
/* End PBXResourcesBuildPhase section */

/* Begin PBXShellScriptBuildPhase section */
		F67EA7131B185BFD00FA34C8 /* ShellScript */ = {
			isa = PBXShellScriptBuildPhase;
			buildActionMask = 2147483647;
			files = (
			);
			inputPaths = (
			);
			outputPaths = (
			);
			runOnlyForDeploymentPostprocessing = 0;
			shellPath = /bin/sh;
			shellScript = "";
		};
/* End PBXShellScriptBuildPhase section */

/* Begin PBXSourcesBuildPhase section */
		F6AAE6CC1AF433E100195E11 /* Sources */ = {
			isa = PBXSourcesBuildPhase;
			buildActionMask = 2147483647;
			files = (
				F68320DA1B03C6F1006B974E /* TrainingViewController.swift in Sources */,
				F6FBFAB81AFA1F5E0020B074 /* User.swift in Sources */,
				F61A1CDF1B0041CD00777584 /* MenuController.swift in Sources */,
				F66771811B61A31900042145 /* FactoryRealm.swift in Sources */,
				F63B5AE91B77C116002C0A79 /* Sound.swift in Sources */,
				F605AF0E1B04146C00E90596 /* SoloViewController.swift in Sources */,
				9555BBC91BA836EF00BED5A2 /* StatsViewController.swift in Sources */,
				F6AC7B4D1B788D090096243D /* ChoiceQuestionViewControllerDelegate.swift in Sources */,
				953686E71BB0179100CD6615 /* QuestionManager.swift in Sources */,
				F60739E41BB216CB004DEC32 /* PreviewQuestionViewController.swift in Sources */,
				95C5C48D1B9503F6001DA9B5 /* Answer.swift in Sources */,
				F60739E21BB216BE004DEC32 /* CommentViewController.swift in Sources */,
				F6ECC1101AF6DFE8008F18E3 /* SyncViewController.swift in Sources */,
				9555BBCD1BA8371600BED5A2 /* LeaderboardTableViewController.swift in Sources */,
				F60739E91BB348AB004DEC32 /* Friend.swift in Sources */,
				F6C02C461B762A810021ABE1 /* UITableViewCellAnswer.swift in Sources */,
				F6C3095C1B0365B100B8FAC9 /* HomeViewController.swift in Sources */,
				F60ED4851BEFA1E800825A0E /* NewsfeedManager.swift in Sources */,
				F68202C11BFFFD4F00B1799D /* ColorCollectionViewController.swift in Sources */,
				F60ED4811BEFA04F00825A0E /* News.swift in Sources */,
				F6AAE6D61AF433E100195E11 /* AppDelegate.swift in Sources */,
				9555BBCF1BA8372500BED5A2 /* MarkedQuestionsTableViewController.swift in Sources */,
				F6322A231B615E460074549E /* Subject.swift in Sources */,
				95D765031B9F358E002C31CC /* Scoring.swift in Sources */,
				F6CB05D01BBC927200289CEA /* SettingsTableViewController.swift in Sources */,
				9555BBCB1BA836FB00BED5A2 /* FeedbackViewController.swift in Sources */,
				F6322A161B6157F60074549E /* ChaptersTableViewController.swift in Sources */,
				F6322A1C1B615DFA0074549E /* Question.swift in Sources */,
				F663E3181B7A620800F23294 /* QuestionHistory.swift in Sources */,
				F663E31C1B7A6BD000F23294 /* History.swift in Sources */,
				F6322A181B6158230074549E /* QuestionViewController.swift in Sources */,
				F6C02C421B760B960021ABE1 /* ChoiceQuestionViewController.swift in Sources */,
				954441E41B9CB49F0035B7ED /* ScoreSoloViewController.swift in Sources */,
				952588BD1B974BDF00F68B3F /* QuestionSoloViewController.swift in Sources */,
				F6987A6D1B16321B002989C6 /* ImageManager.swift in Sources */,
				F6322A1A1B6158300074549E /* CorrectionViewController.swift in Sources */,
				F6322A1F1B615E360074549E /* Chapter.swift in Sources */,
				F6FBFAC31AFA98D40020B074 /* Extensions.swift in Sources */,
				952588BB1B9742E400F68B3F /* NewsfeedViewController.swift in Sources */,
				F6322A211B615E3E0074549E /* Image.swift in Sources */,
				F6FBFABF1AFA33CD0020B074 /* LoginViewController.swift in Sources */,
				F64630A11B5E662F006A5F71 /* ChapterManager.swift in Sources */,
				F667EC501BE5371100F98DA5 /* HelpViewController.swift in Sources */,
				F64630A31B5E663C006A5F71 /* SubjectManager.swift in Sources */,
				F60082D11B84F9C600F7BCBB /* UserPreferences.swift in Sources */,
				F61A1CDB1B003F7500777584 /* SWRevealViewController.m in Sources */,
				F604061E1B8E6150006F7F4E /* Colors.swift in Sources */,
				F62C2A061BE6C3B400DF5EF0 /* SwiftSpinner.swift in Sources */,
				95D765011B9F34AD002C31CC /* FactoryHistory.swift in Sources */,
				F64630A51B5E6959006A5F71 /* FactorySync.swift in Sources */,
				F6CB05D21BBC951700289CEA /* UITableViewCellSetting.swift in Sources */,
				F60082D31B854F9E00F7BCBB /* ConfigManager.swift in Sources */,
				F60ED4871BEFC86600825A0E /* NewsViewController.swift in Sources */,
			);
			runOnlyForDeploymentPostprocessing = 0;
		};
		F6AAE6E31AF433E100195E11 /* Sources */ = {
			isa = PBXSourcesBuildPhase;
			buildActionMask = 2147483647;
			files = (
				F6AAE6EE1AF433E100195E11 /* PrepAppTests.swift in Sources */,
			);
			runOnlyForDeploymentPostprocessing = 0;
		};
/* End PBXSourcesBuildPhase section */

/* Begin PBXTargetDependency section */
		F62C2A011BE6B37F00DF5EF0 /* PBXTargetDependency */ = {
			isa = PBXTargetDependency;
			name = "Charts-iOS";
			targetProxy = F62C2A001BE6B37F00DF5EF0 /* PBXContainerItemProxy */;
		};
		F6AAE6E91AF433E100195E11 /* PBXTargetDependency */ = {
			isa = PBXTargetDependency;
			target = F6AAE6CF1AF433E100195E11 /* PrepApp */;
			targetProxy = F6AAE6E81AF433E100195E11 /* PBXContainerItemProxy */;
		};
/* End PBXTargetDependency section */

/* Begin PBXVariantGroup section */
		F6AAE6DB1AF433E100195E11 /* Main.storyboard */ = {
			isa = PBXVariantGroup;
			children = (
				F6AAE6DC1AF433E100195E11 /* Base */,
				F6FBB4B71B160CE300A18600 /* fr */,
			);
			name = Main.storyboard;
			sourceTree = "<group>";
		};
		F6AAE6E01AF433E100195E11 /* LaunchScreen.xib */ = {
			isa = PBXVariantGroup;
			children = (
				F6AAE6E11AF433E100195E11 /* Base */,
				F632F6601BBBFFDA00B5EE27 /* fr */,
			);
			name = LaunchScreen.xib;
			sourceTree = "<group>";
		};
/* End PBXVariantGroup section */

/* Begin XCBuildConfiguration section */
		F6AAE6EF1AF433E100195E11 /* Debug */ = {
			isa = XCBuildConfiguration;
			buildSettings = {
				ALWAYS_SEARCH_USER_PATHS = NO;
				CLANG_CXX_LANGUAGE_STANDARD = "gnu++0x";
				CLANG_CXX_LIBRARY = "libc++";
				CLANG_ENABLE_MODULES = YES;
				CLANG_ENABLE_OBJC_ARC = YES;
				CLANG_WARN_BOOL_CONVERSION = YES;
				CLANG_WARN_CONSTANT_CONVERSION = YES;
				CLANG_WARN_DIRECT_OBJC_ISA_USAGE = YES_ERROR;
				CLANG_WARN_EMPTY_BODY = YES;
				CLANG_WARN_ENUM_CONVERSION = YES;
				CLANG_WARN_INT_CONVERSION = YES;
				CLANG_WARN_OBJC_ROOT_CLASS = YES_ERROR;
				CLANG_WARN_UNREACHABLE_CODE = YES;
				CLANG_WARN__DUPLICATE_METHOD_MATCH = YES;
				"CODE_SIGN_IDENTITY[sdk=iphoneos*]" = "iPhone Developer";
				COPY_PHASE_STRIP = NO;
				DEBUG_INFORMATION_FORMAT = "dwarf-with-dsym";
				ENABLE_STRICT_OBJC_MSGSEND = YES;
				ENABLE_TESTABILITY = YES;
				FRAMEWORK_SEARCH_PATHS = "";
				GCC_C_LANGUAGE_STANDARD = gnu99;
				GCC_DYNAMIC_NO_PIC = NO;
				GCC_NO_COMMON_BLOCKS = YES;
				GCC_OPTIMIZATION_LEVEL = 0;
				GCC_PREPROCESSOR_DEFINITIONS = (
					"DEBUG=1",
					"$(inherited)",
				);
				GCC_SYMBOLS_PRIVATE_EXTERN = NO;
				GCC_WARN_64_TO_32_BIT_CONVERSION = YES;
				GCC_WARN_ABOUT_RETURN_TYPE = YES_ERROR;
				GCC_WARN_UNDECLARED_SELECTOR = YES;
				GCC_WARN_UNINITIALIZED_AUTOS = YES_AGGRESSIVE;
				GCC_WARN_UNUSED_FUNCTION = YES;
				GCC_WARN_UNUSED_VARIABLE = YES;
				IPHONEOS_DEPLOYMENT_TARGET = 9.1;
				MTL_ENABLE_DEBUG_INFO = YES;
				ONLY_ACTIVE_ARCH = YES;
				SDKROOT = iphoneos;
				SWIFT_OPTIMIZATION_LEVEL = "-Onone";
			};
			name = Debug;
		};
		F6AAE6F01AF433E100195E11 /* Release */ = {
			isa = XCBuildConfiguration;
			buildSettings = {
				ALWAYS_SEARCH_USER_PATHS = NO;
				CLANG_CXX_LANGUAGE_STANDARD = "gnu++0x";
				CLANG_CXX_LIBRARY = "libc++";
				CLANG_ENABLE_MODULES = YES;
				CLANG_ENABLE_OBJC_ARC = YES;
				CLANG_WARN_BOOL_CONVERSION = YES;
				CLANG_WARN_CONSTANT_CONVERSION = YES;
				CLANG_WARN_DIRECT_OBJC_ISA_USAGE = YES_ERROR;
				CLANG_WARN_EMPTY_BODY = YES;
				CLANG_WARN_ENUM_CONVERSION = YES;
				CLANG_WARN_INT_CONVERSION = YES;
				CLANG_WARN_OBJC_ROOT_CLASS = YES_ERROR;
				CLANG_WARN_UNREACHABLE_CODE = YES;
				CLANG_WARN__DUPLICATE_METHOD_MATCH = YES;
				"CODE_SIGN_IDENTITY[sdk=iphoneos*]" = "iPhone Developer";
				COPY_PHASE_STRIP = NO;
				DEBUG_INFORMATION_FORMAT = "dwarf-with-dsym";
				ENABLE_NS_ASSERTIONS = NO;
				ENABLE_STRICT_OBJC_MSGSEND = YES;
				FRAMEWORK_SEARCH_PATHS = "";
				GCC_C_LANGUAGE_STANDARD = gnu99;
				GCC_NO_COMMON_BLOCKS = YES;
				GCC_WARN_64_TO_32_BIT_CONVERSION = YES;
				GCC_WARN_ABOUT_RETURN_TYPE = YES_ERROR;
				GCC_WARN_UNDECLARED_SELECTOR = YES;
				GCC_WARN_UNINITIALIZED_AUTOS = YES_AGGRESSIVE;
				GCC_WARN_UNUSED_FUNCTION = YES;
				GCC_WARN_UNUSED_VARIABLE = YES;
				IPHONEOS_DEPLOYMENT_TARGET = 9.1;
				MTL_ENABLE_DEBUG_INFO = NO;
				SDKROOT = iphoneos;
				VALIDATE_PRODUCT = YES;
			};
			name = Release;
		};
		F6AAE6F21AF433E100195E11 /* Debug */ = {
			isa = XCBuildConfiguration;
			buildSettings = {
				ASSETCATALOG_COMPILER_APPICON_NAME = AppIcon;
				CLANG_ENABLE_MODULES = YES;
				CODE_SIGN_IDENTITY = "iPhone Developer";
				"CODE_SIGN_IDENTITY[sdk=iphoneos*]" = "iPhone Developer";
				EMBEDDED_CONTENT_CONTAINS_SWIFT = YES;
				FRAMEWORK_SEARCH_PATHS = (
					"$(inherited)",
					"$(PROJECT_DIR)",
				);
				INFOPLIST_FILE = PrepApp/Info.plist;
				IPHONEOS_DEPLOYMENT_TARGET = 9.0;
				LD_RUNPATH_SEARCH_PATHS = "$(inherited) @executable_path/Frameworks";
				PRODUCT_BUNDLE_IDENTIFIER = com.PrepApp.PrepAppLight;
				PRODUCT_NAME = "$(TARGET_NAME)";
				PROVISIONING_PROFILE = "";
				SWIFT_OBJC_BRIDGING_HEADER = "PrepApp/PrepApp-Bridging-Header.h";
				SWIFT_OPTIMIZATION_LEVEL = "-Onone";
				TARGETED_DEVICE_FAMILY = "1,2";
			};
			name = Debug;
		};
		F6AAE6F31AF433E100195E11 /* Release */ = {
			isa = XCBuildConfiguration;
			buildSettings = {
				ASSETCATALOG_COMPILER_APPICON_NAME = AppIcon;
				CLANG_ENABLE_MODULES = YES;
				CODE_SIGN_IDENTITY = "iPhone Developer";
				"CODE_SIGN_IDENTITY[sdk=iphoneos*]" = "iPhone Developer";
				EMBEDDED_CONTENT_CONTAINS_SWIFT = YES;
				FRAMEWORK_SEARCH_PATHS = (
					"$(inherited)",
					"$(PROJECT_DIR)",
				);
				INFOPLIST_FILE = PrepApp/Info.plist;
				IPHONEOS_DEPLOYMENT_TARGET = 9.0;
				LD_RUNPATH_SEARCH_PATHS = "$(inherited) @executable_path/Frameworks";
				PRODUCT_BUNDLE_IDENTIFIER = com.PrepApp.PrepAppLight;
				PRODUCT_NAME = "$(TARGET_NAME)";
				PROVISIONING_PROFILE = "";
				SWIFT_OBJC_BRIDGING_HEADER = "PrepApp/PrepApp-Bridging-Header.h";
				TARGETED_DEVICE_FAMILY = "1,2";
			};
			name = Release;
		};
		F6AAE6F51AF433E100195E11 /* Debug */ = {
			isa = XCBuildConfiguration;
			buildSettings = {
				BUNDLE_LOADER = "$(TEST_HOST)";
				GCC_PREPROCESSOR_DEFINITIONS = (
					"DEBUG=1",
					"$(inherited)",
				);
				INFOPLIST_FILE = PrepAppTests/Info.plist;
				LD_RUNPATH_SEARCH_PATHS = "$(inherited) @executable_path/Frameworks @loader_path/Frameworks";
				PRODUCT_BUNDLE_IDENTIFIER = "com.PrepApp.$(PRODUCT_NAME:rfc1034identifier)";
				PRODUCT_NAME = "$(TARGET_NAME)";
				TEST_HOST = "$(BUILT_PRODUCTS_DIR)/PrepApp.app/PrepApp";
			};
			name = Debug;
		};
		F6AAE6F61AF433E100195E11 /* Release */ = {
			isa = XCBuildConfiguration;
			buildSettings = {
				BUNDLE_LOADER = "$(TEST_HOST)";
				INFOPLIST_FILE = PrepAppTests/Info.plist;
				LD_RUNPATH_SEARCH_PATHS = "$(inherited) @executable_path/Frameworks @loader_path/Frameworks";
				PRODUCT_BUNDLE_IDENTIFIER = "com.PrepApp.$(PRODUCT_NAME:rfc1034identifier)";
				PRODUCT_NAME = "$(TARGET_NAME)";
				TEST_HOST = "$(BUILT_PRODUCTS_DIR)/PrepApp.app/PrepApp";
			};
			name = Release;
		};
/* End XCBuildConfiguration section */

/* Begin XCConfigurationList section */
		F6AAE6CB1AF433E100195E11 /* Build configuration list for PBXProject "PrepApp" */ = {
			isa = XCConfigurationList;
			buildConfigurations = (
				F6AAE6EF1AF433E100195E11 /* Debug */,
				F6AAE6F01AF433E100195E11 /* Release */,
			);
			defaultConfigurationIsVisible = 0;
			defaultConfigurationName = Release;
		};
		F6AAE6F11AF433E100195E11 /* Build configuration list for PBXNativeTarget "PrepApp" */ = {
			isa = XCConfigurationList;
			buildConfigurations = (
				F6AAE6F21AF433E100195E11 /* Debug */,
				F6AAE6F31AF433E100195E11 /* Release */,
			);
			defaultConfigurationIsVisible = 0;
			defaultConfigurationName = Release;
		};
		F6AAE6F41AF433E100195E11 /* Build configuration list for PBXNativeTarget "PrepAppTests" */ = {
			isa = XCConfigurationList;
			buildConfigurations = (
				F6AAE6F51AF433E100195E11 /* Debug */,
				F6AAE6F61AF433E100195E11 /* Release */,
			);
			defaultConfigurationIsVisible = 0;
			defaultConfigurationName = Release;
		};
/* End XCConfigurationList section */
	};
	rootObject = F6AAE6C81AF433E100195E11 /* Project object */;
}
